{
  "name": "keycloak-angular",
  "version": "0.1.0",
  "lockfileVersion": 1,
  "requires": true,
  "dependencies": {
    "@angular/core": {
      "version": "4.4.0-RC.0",
      "resolved": "http://repo.sanepar.com.br/repository/node/@angular/core/-/core-4.4.0-RC.0.tgz",
      "integrity": "sha1-bxsF1Y2+guLNMpzT3AZm82xgw48=",
      "dev": true,
      "requires": {
        "tslib": "1.7.1"
      }
    },
    "@angular/http": {
      "version": "4.4.0-RC.0",
      "resolved": "http://repo.sanepar.com.br/repository/node/@angular/http/-/http-4.4.0-RC.0.tgz",
      "integrity": "sha1-a6qUX6OhgqbOgqFRr2X8FIn14bE=",
      "dev": true,
      "requires": {
        "tslib": "1.7.1"
      }
    },
    "@angular/router": {
      "version": "4.4.0-RC.0",
      "resolved": "http://repo.sanepar.com.br/repository/node/@angular/router/-/router-4.4.0-RC.0.tgz",
      "integrity": "sha1-72wHXxZkqf5nf6VCM0cH5nBGHuA=",
      "dev": true,
      "requires": {
        "tslib": "1.7.1"
      }
    },
    "@types/keycloak-js": {
      "version": "2.5.2",
      "resolved": "http://repo.sanepar.com.br/repository/node/@types/keycloak-js/-/keycloak-js-2.5.2.tgz",
      "integrity": "sha1-XMxTFBuNtVmc/b4tJSNbi4DEoq0=",
      "dev": true
    },
    "ansi-regex": {
      "version": "2.1.1",
      "resolved": "http://repo.sanepar.com.br/repository/node/ansi-regex/-/ansi-regex-2.1.1.tgz",
      "integrity": "sha1-w7M6te42DYbg5ijwRorn7yfWVN8=",
      "dev": true
    },
    "ansi-styles": {
      "version": "2.2.1",
      "resolved": "http://repo.sanepar.com.br/repository/node/ansi-styles/-/ansi-styles-2.2.1.tgz",
      "integrity": "sha1-tDLdM1i2NM914eRmQ2gkBTPB3b4=",
      "dev": true
    },
    "babel-code-frame": {
      "version": "6.26.0",
      "resolved": "http://repo.sanepar.com.br/repository/node/babel-code-frame/-/babel-code-frame-6.26.0.tgz",
      "integrity": "sha1-Y/1D99weO7fONZR9uP42mj9Yx0s=",
      "dev": true,
      "requires": {
        "chalk": "1.1.3",
        "esutils": "2.0.2",
        "js-tokens": "3.0.2"
      }
    },
    "balanced-match": {
      "version": "1.0.0",
      "resolved": "http://repo.sanepar.com.br/repository/node/balanced-match/-/balanced-match-1.0.0.tgz",
      "integrity": "sha1-ibTRmasr7kneFk6gK4nORi1xt2c=",
      "dev": true
    },
    "brace-expansion": {
      "version": "1.1.8",
      "resolved": "http://repo.sanepar.com.br/repository/node/brace-expansion/-/brace-expansion-1.1.8.tgz",
      "integrity": "sha1-wHshHHyVLsH479Uad+8NHTmQopI=",
      "dev": true,
      "requires": {
        "balanced-match": "1.0.0",
        "concat-map": "0.0.1"
      }
    },
    "chalk": {
      "version": "1.1.3",
      "resolved": "http://repo.sanepar.com.br/repository/node/chalk/-/chalk-1.1.3.tgz",
      "integrity": "sha1-qBFcVeSnAv5NFQq9OHKCKn4J/Jg=",
      "dev": true,
      "requires": {
        "ansi-styles": "2.2.1",
        "escape-string-regexp": "1.0.5",
        "has-ansi": "2.0.0",
        "strip-ansi": "3.0.1",
        "supports-color": "2.0.0"
      }
    },
    "colors": {
      "version": "1.1.2",
      "resolved": "http://repo.sanepar.com.br/repository/node/colors/-/colors-1.1.2.tgz",
      "integrity": "sha1-FopHAXVran9RoSzgyXv6KMCE7WM=",
      "dev": true
    },
    "concat-map": {
      "version": "0.0.1",
      "resolved": "http://repo.sanepar.com.br/repository/node/concat-map/-/concat-map-0.0.1.tgz",
      "integrity": "sha1-2Klr13/Wjfd5OnMDajug1UBdR3s=",
      "dev": true
    },
    "diff": {
      "version": "3.3.1",
      "resolved": "http://repo.sanepar.com.br/repository/node/diff/-/diff-3.3.1.tgz",
      "integrity": "sha512-MKPHZDMB0o6yHyDryUOScqZibp914ksXwAMYMTHj6KO8UeKsRYNJD3oNCKjTqZon+V488P7N/HzXF8t7ZR95ww==",
      "dev": true
    },
    "escape-string-regexp": {
      "version": "1.0.5",
      "resolved": "http://repo.sanepar.com.br/repository/node/escape-string-regexp/-/escape-string-regexp-1.0.5.tgz",
      "integrity": "sha1-G2HAViGQqN/2rjuyzwIAyhMLhtQ=",
      "dev": true
    },
    "esutils": {
      "version": "2.0.2",
      "resolved": "http://repo.sanepar.com.br/repository/node/esutils/-/esutils-2.0.2.tgz",
      "integrity": "sha1-Cr9PHKpbyx96nYrMbepPqqBLrJs=",
      "dev": true
    },
    "findup-sync": {
      "version": "0.3.0",
      "resolved": "http://repo.sanepar.com.br/repository/node/findup-sync/-/findup-sync-0.3.0.tgz",
      "integrity": "sha1-N5MKpdgWt3fANEXhlmzGeQpMCxY=",
      "dev": true,
      "requires": {
        "glob": "5.0.15"
      },
      "dependencies": {
        "glob": {
          "version": "5.0.15",
          "resolved": "http://repo.sanepar.com.br/repository/node/glob/-/glob-5.0.15.tgz",
          "integrity": "sha1-G8k2ueAvSmA/zCIuz3Yz0wuLk7E=",
          "dev": true,
          "requires": {
            "inflight": "1.0.6",
            "inherits": "2.0.3",
            "minimatch": "3.0.4",
            "once": "1.4.0",
            "path-is-absolute": "1.0.1"
          }
        }
      }
    },
    "fs.realpath": {
      "version": "1.0.0",
      "resolved": "http://repo.sanepar.com.br/repository/node/fs.realpath/-/fs.realpath-1.0.0.tgz",
      "integrity": "sha1-FQStJSMVjKpA20onh8sBQRmU6k8=",
      "dev": true
    },
    "glob": {
      "version": "7.1.2",
      "resolved": "http://repo.sanepar.com.br/repository/node/glob/-/glob-7.1.2.tgz",
      "integrity": "sha512-MJTUg1kjuLeQCJ+ccE4Vpa6kKVXkPYJ2mOCQyUuKLcLQsdrMCpBPUi8qVE6+YuaJkozeA9NusTAw3hLr8Xe5EQ==",
      "dev": true,
      "requires": {
        "fs.realpath": "1.0.0",
        "inflight": "1.0.6",
        "inherits": "2.0.3",
        "minimatch": "3.0.4",
        "once": "1.4.0",
        "path-is-absolute": "1.0.1"
      }
    },
    "has-ansi": {
      "version": "2.0.0",
      "resolved": "http://repo.sanepar.com.br/repository/node/has-ansi/-/has-ansi-2.0.0.tgz",
      "integrity": "sha1-NPUEnOHs3ysGSa8+8k5F7TVBbZE=",
      "dev": true,
      "requires": {
        "ansi-regex": "2.1.1"
      }
    },
    "inflight": {
      "version": "1.0.6",
      "resolved": "http://repo.sanepar.com.br/repository/node/inflight/-/inflight-1.0.6.tgz",
      "integrity": "sha1-Sb1jMdfQLQwJvJEKEHW6gWW1bfk=",
      "dev": true,
      "requires": {
        "once": "1.4.0",
        "wrappy": "1.0.2"
      }
    },
    "inherits": {
      "version": "2.0.3",
      "resolved": "http://repo.sanepar.com.br/repository/node/inherits/-/inherits-2.0.3.tgz",
      "integrity": "sha1-Yzwsg+PaQqUC9SRmAiSA9CCCYd4=",
      "dev": true
    },
    "js-tokens": {
      "version": "3.0.2",
      "resolved": "http://repo.sanepar.com.br/repository/node/js-tokens/-/js-tokens-3.0.2.tgz",
      "integrity": "sha1-mGbfOVECEw449/mWvOtlRDIJwls=",
      "dev": true
    },
    "keycloak-js": {
      "version": "3.3.0-cr.1",
      "resolved": "http://repo.sanepar.com.br/repository/node/keycloak-js/-/keycloak-js-3.3.0-cr.1.tgz",
      "integrity": "sha1-SYQdRSVLmMYqti2S4C1t+PP9Mu0="
    },
    "minimatch": {
      "version": "3.0.4",
      "resolved": "http://repo.sanepar.com.br/repository/node/minimatch/-/minimatch-3.0.4.tgz",
      "integrity": "sha512-yJHVQEhyqPLUTgt9B83PXu6W3rx4MvvHvSUvToogpwoGDOUQ+yDrR0HRot+yOCdCO7u4hX3pWft6kWBBcqh0UA==",
      "dev": true,
      "requires": {
        "brace-expansion": "1.1.8"
      }
    },
    "minimist": {
      "version": "0.0.10",
      "resolved": "http://repo.sanepar.com.br/repository/node/minimist/-/minimist-0.0.10.tgz",
      "integrity": "sha1-3j+YVD2/lggr5IrRoMfNqDYwHc8=",
      "dev": true
    },
    "once": {
      "version": "1.4.0",
      "resolved": "http://repo.sanepar.com.br/repository/node/once/-/once-1.4.0.tgz",
      "integrity": "sha1-WDsap3WWHUsROsF9nFC6753Xa9E=",
      "dev": true,
      "requires": {
        "wrappy": "1.0.2"
      }
    },
    "optimist": {
      "version": "0.6.1",
      "resolved": "http://repo.sanepar.com.br/repository/node/optimist/-/optimist-0.6.1.tgz",
      "integrity": "sha1-2j6nRob6IaGaERwybpDrFaAZZoY=",
      "dev": true,
      "requires": {
        "minimist": "0.0.10",
        "wordwrap": "0.0.3"
      }
    },
    "path-is-absolute": {
      "version": "1.0.1",
      "resolved": "http://repo.sanepar.com.br/repository/node/path-is-absolute/-/path-is-absolute-1.0.1.tgz",
      "integrity": "sha1-F0uSaHNVNP+8es5r9TpanhtcX18=",
      "dev": true
    },
    "path-parse": {
      "version": "1.0.5",
      "resolved": "http://repo.sanepar.com.br/repository/node/path-parse/-/path-parse-1.0.5.tgz",
      "integrity": "sha1-PBrfhx6pzWyUMbbqK9dKD/BVxME=",
      "dev": true
    },
    "resolve": {
      "version": "1.4.0",
      "resolved": "http://repo.sanepar.com.br/repository/node/resolve/-/resolve-1.4.0.tgz",
      "integrity": "sha512-aW7sVKPufyHqOmyyLzg/J+8606v5nevBgaliIlV7nUpVMsDnoBGV/cbSLNjZAg9q0Cfd/+easKVKQ8vOu8fn1Q==",
      "dev": true,
      "requires": {
        "path-parse": "1.0.5"
      }
    },
    "strip-ansi": {
      "version": "3.0.1",
      "resolved": "http://repo.sanepar.com.br/repository/node/strip-ansi/-/strip-ansi-3.0.1.tgz",
      "integrity": "sha1-ajhfuIU9lS1f8F0Oiq+UJ43GPc8=",
      "dev": true,
      "requires": {
        "ansi-regex": "2.1.1"
      }
    },
    "supports-color": {
      "version": "2.0.0",
      "resolved": "http://repo.sanepar.com.br/repository/node/supports-color/-/supports-color-2.0.0.tgz",
      "integrity": "sha1-U10EXOa2Nj+kARcIRimZXp3zJMc=",
      "dev": true
    },
    "ts-lint": {
      "version": "4.5.1",
      "resolved": "http://repo.sanepar.com.br/repository/node/ts-lint/-/ts-lint-4.5.1.tgz",
      "integrity": "sha1-nCK3t7hitnMk3RvSE6hFwDp/uMA=",
      "dev": true,
      "requires": {
        "babel-code-frame": "6.26.0",
        "colors": "1.1.2",
        "diff": "3.3.1",
        "findup-sync": "0.3.0",
        "glob": "7.1.2",
        "optimist": "0.6.1",
        "resolve": "1.4.0",
        "tsutils": "1.9.1"
      }
    },
    "tslib": {
      "version": "1.7.1",
      "resolved": "http://repo.sanepar.com.br/repository/node/tslib/-/tslib-1.7.1.tgz",
      "integrity": "sha1-vIAEFkaRkjp5/oN4u+s9ogF1OOw=",
      "dev": true
    },
    "tsutils": {
      "version": "1.9.1",
      "resolved": "http://repo.sanepar.com.br/repository/node/tsutils/-/tsutils-1.9.1.tgz",
      "integrity": "sha1-ufmrROVa+WgYMdXyjQrur1x1DLA=",
      "dev": true
    },
    "wordwrap": {
      "version": "0.0.3",
      "resolved": "http://repo.sanepar.com.br/repository/node/wordwrap/-/wordwrap-0.0.3.tgz",
      "integrity": "sha1-o9XabNXAvAAI03I0u68b7WMFkQc=",
      "dev": true
    },
    "wrappy": {
      "version": "1.0.2",
      "resolved": "http://repo.sanepar.com.br/repository/node/wrappy/-/wrappy-1.0.2.tgz",
      "integrity": "sha1-tSQ9jz7BqjXxNkYFvA0QNuMKtp8=",
      "dev": true
    }
  }
}
