# THIS IS AN AUTOGENERATED FILE. DO NOT EDIT THIS FILE DIRECTLY.
# yarn lockfile v1


"@angular/common@4.4.4":
  version "4.4.4"
  resolved "http://repo.sanepar.com.br/repository/node/@angular/common/-/common-4.4.4.tgz#ae0a818aaa0c6a3f0901e7b80bd94e1c22eb9365"
  dependencies:
    tslib "^1.7.1"

"@angular/core@^4.4.4":
  version "4.4.4"
  resolved "http://repo.sanepar.com.br/repository/node/@angular/core/-/core-4.4.4.tgz#bd37ecf54158f97489996c9386bd222f80a32f5c"
  dependencies:
    tslib "^1.7.1"

"@angular/http@^4.4.4":
  version "4.4.4"
  resolved "http://repo.sanepar.com.br/repository/node/@angular/http/-/http-4.4.4.tgz#667faf616bb624168eafae6ee92e5eba23a9d1f2"
  dependencies:
    tslib "^1.7.1"

"@angular/platform-browser@4.4.4":
  version "4.4.4"
  resolved "http://repo.sanepar.com.br/repository/node/@angular/platform-browser/-/platform-browser-4.4.4.tgz#a3898e2e7ba9d84ffa0d47144c6971179c75aee6"
  dependencies:
    tslib "^1.7.1"

"@angular/router@^4.4.4":
  version "4.4.4"
  resolved "http://repo.sanepar.com.br/repository/node/@angular/router/-/router-4.4.4.tgz#7be391096e843cb3e04f9f05d1d65a88df9bc7cf"
  dependencies:
    tslib "^1.7.1"

"@types/chai@^4.0.4":
  version "4.0.4"
  resolved "http://repo.sanepar.com.br/repository/node/@types/chai/-/chai-4.0.4.tgz#fe86315d9a66827feeb16f73bc954688ec950e18"

"@types/keycloak-js@^2.5.2":
  version "2.5.3"
  resolved "http://repo.sanepar.com.br/repository/node/@types/keycloak-js/-/keycloak-js-2.5.3.tgz#9f2934add26ef8c039023baacd622f53e9f77b50"

"@types/mocha@^2.2.43":
  version "2.2.43"
  resolved "http://repo.sanepar.com.br/repository/node/@types/mocha/-/mocha-2.2.43.tgz#03c54589c43ad048cbcbfd63999b55d0424eec27"

"@types/node@^6.0.46":
  version "6.0.88"
  resolved "http://repo.sanepar.com.br/repository/node/@types/node/-/node-6.0.88.tgz#f618f11a944f6a18d92b5c472028728a3e3d4b66"

abab@^1.0.3:
  version "1.0.4"
  resolved "http://repo.sanepar.com.br/repository/node/abab/-/abab-1.0.4.tgz#5faad9c2c07f60dd76770f71cf025b62a63cfd4e"

acorn-globals@^4.0.0:
  version "4.0.0"
  resolved "http://repo.sanepar.com.br/repository/node/acorn-globals/-/acorn-globals-4.0.0.tgz#0d771eb8c5b8e244124af193d006e21bd7d309c6"
  dependencies:
    acorn "^5.0.0"

acorn@^5.0.0, acorn@^5.1.2:
  version "5.1.2"
  resolved "http://repo.sanepar.com.br/repository/node/acorn/-/acorn-5.1.2.tgz#911cb53e036807cf0fa778dc5d370fbd864246d7"

ajv@^5.1.0:
  version "5.2.3"
  resolved "http://repo.sanepar.com.br/repository/node/ajv/-/ajv-5.2.3.tgz#c06f598778c44c6b161abafe3466b81ad1814ed2"
  dependencies:
    co "^4.6.0"
    fast-deep-equal "^1.0.0"
    json-schema-traverse "^0.3.0"
    json-stable-stringify "^1.0.1"

ansi-regex@^2.0.0:
  version "2.1.1"
  resolved "http://repo.sanepar.com.br/repository/node/ansi-regex/-/ansi-regex-2.1.1.tgz#c3b33ab5ee360d86e0e628f0468ae7ef27d654df"

ansi-styles@^2.2.1:
  version "2.2.1"
  resolved "http://repo.sanepar.com.br/repository/node/ansi-styles/-/ansi-styles-2.2.1.tgz#b432dd3358b634cf75e1e4664368240533c1ddbe"

ansi-styles@^3.1.0:
  version "3.2.0"
  resolved "http://repo.sanepar.com.br/repository/node/ansi-styles/-/ansi-styles-3.2.0.tgz#c159b8d5be0f9e5a6f346dab94f16ce022161b88"
  dependencies:
    color-convert "^1.9.0"

array-equal@^1.0.0:
  version "1.0.0"
  resolved "http://repo.sanepar.com.br/repository/node/array-equal/-/array-equal-1.0.0.tgz#8c2a5ef2472fd9ea742b04c77a75093ba2757c93"

arrify@^1.0.0:
  version "1.0.1"
  resolved "http://repo.sanepar.com.br/repository/node/arrify/-/arrify-1.0.1.tgz#898508da2226f380df904728456849c1501a4b0d"

asn1@~0.2.3:
  version "0.2.3"
  resolved "http://repo.sanepar.com.br/repository/node/asn1/-/asn1-0.2.3.tgz#dac8787713c9966849fc8180777ebe9c1ddf3b86"

assert-plus@1.0.0, assert-plus@^1.0.0:
  version "1.0.0"
  resolved "http://repo.sanepar.com.br/repository/node/assert-plus/-/assert-plus-1.0.0.tgz#f12e0f3c5d77b0b1cdd9146942e4e96c1e4dd525"

assertion-error@^1.0.1:
  version "1.0.2"
  resolved "http://repo.sanepar.com.br/repository/node/assertion-error/-/assertion-error-1.0.2.tgz#13ca515d86206da0bac66e834dd397d87581094c"

asynckit@^0.4.0:
  version "0.4.0"
  resolved "http://repo.sanepar.com.br/repository/node/asynckit/-/asynckit-0.4.0.tgz#c79ed97f7f34cb8f2ba1bc9790bcc366474b4b79"

aws-sign2@~0.7.0:
  version "0.7.0"
  resolved "http://repo.sanepar.com.br/repository/node/aws-sign2/-/aws-sign2-0.7.0.tgz#b46e890934a9591f2d2f6f86d7e6a9f1b3fe76a8"

aws4@^1.6.0:
  version "1.6.0"
  resolved "http://repo.sanepar.com.br/repository/node/aws4/-/aws4-1.6.0.tgz#83ef5ca860b2b32e4a0deedee8c771b9db57471e"

babel-code-frame@^6.22.0:
  version "6.26.0"
  resolved "http://repo.sanepar.com.br/repository/node/babel-code-frame/-/babel-code-frame-6.26.0.tgz#63fd43f7dc1e3bb7ce35947db8fe369a3f58c74b"
  dependencies:
    chalk "^1.1.3"
    esutils "^2.0.2"
    js-tokens "^3.0.2"

balanced-match@^1.0.0:
  version "1.0.0"
  resolved "http://repo.sanepar.com.br/repository/node/balanced-match/-/balanced-match-1.0.0.tgz#89b4d199ab2bee49de164ea02b89ce462d71b767"

bcrypt-pbkdf@^1.0.0:
  version "1.0.1"
  resolved "http://repo.sanepar.com.br/repository/node/bcrypt-pbkdf/-/bcrypt-pbkdf-1.0.1.tgz#63bc5dcb61331b92bc05fd528953c33462a06f8d"
  dependencies:
    tweetnacl "^0.14.3"

boom@4.x.x:
  version "4.3.1"
  resolved "http://repo.sanepar.com.br/repository/node/boom/-/boom-4.3.1.tgz#4f8a3005cb4a7e3889f749030fd25b96e01d2e31"
  dependencies:
    hoek "4.x.x"

boom@5.x.x:
  version "5.2.0"
  resolved "http://repo.sanepar.com.br/repository/node/boom/-/boom-5.2.0.tgz#5dd9da6ee3a5f302077436290cb717d3f4a54e02"
  dependencies:
    hoek "4.x.x"

brace-expansion@^1.1.7:
  version "1.1.8"
  resolved "http://repo.sanepar.com.br/repository/node/brace-expansion/-/brace-expansion-1.1.8.tgz#c07b211c7c952ec1f8efd51a77ef0d1d3990a292"
  dependencies:
    balanced-match "^1.0.0"
    concat-map "0.0.1"

browser-stdout@1.3.0:
  version "1.3.0"
  resolved "http://repo.sanepar.com.br/repository/node/browser-stdout/-/browser-stdout-1.3.0.tgz#f351d32969d32fa5d7a5567154263d928ae3bd1f"

caseless@~0.12.0:
  version "0.12.0"
  resolved "http://repo.sanepar.com.br/repository/node/caseless/-/caseless-0.12.0.tgz#1b681c21ff84033c826543090689420d187151dc"

"chai@>=1.9.2 <4.0.0":
  version "3.5.0"
  resolved "http://repo.sanepar.com.br/repository/node/chai/-/chai-3.5.0.tgz#4d02637b067fe958bdbfdd3a40ec56fef7373247"
  dependencies:
    assertion-error "^1.0.1"
    deep-eql "^0.1.3"
    type-detect "^1.0.0"

chai@^4.1.2:
  version "4.1.2"
  resolved "http://repo.sanepar.com.br/repository/node/chai/-/chai-4.1.2.tgz#0f64584ba642f0f2ace2806279f4f06ca23ad73c"
  dependencies:
    assertion-error "^1.0.1"
    check-error "^1.0.1"
    deep-eql "^3.0.0"
    get-func-name "^2.0.0"
    pathval "^1.0.0"
    type-detect "^4.0.0"

chalk@^1.1.3:
  version "1.1.3"
  resolved "http://repo.sanepar.com.br/repository/node/chalk/-/chalk-1.1.3.tgz#a8115c55e4a702fe4d150abd3872822a7e09fc98"
  dependencies:
    ansi-styles "^2.2.1"
    escape-string-regexp "^1.0.2"
    has-ansi "^2.0.0"
    strip-ansi "^3.0.0"
    supports-color "^2.0.0"

chalk@^2.0.0:
  version "2.1.0"
  resolved "http://repo.sanepar.com.br/repository/node/chalk/-/chalk-2.1.0.tgz#ac5becf14fa21b99c6c92ca7a7d7cfd5b17e743e"
  dependencies:
    ansi-styles "^3.1.0"
    escape-string-regexp "^1.0.5"
    supports-color "^4.0.0"

check-error@^1.0.1:
  version "1.0.2"
  resolved "http://repo.sanepar.com.br/repository/node/check-error/-/check-error-1.0.2.tgz#574d312edd88bb5dd8912e9286dd6c0aed4aac82"

co@^4.6.0:
  version "4.6.0"
  resolved "http://repo.sanepar.com.br/repository/node/co/-/co-4.6.0.tgz#6ea6bdf3d853ae54ccb8e47bfa0bf3f9031fb184"

color-convert@^1.9.0:
  version "1.9.0"
  resolved "http://repo.sanepar.com.br/repository/node/color-convert/-/color-convert-1.9.0.tgz#1accf97dd739b983bf994d56fec8f95853641b7a"
  dependencies:
    color-name "^1.1.1"

color-name@^1.1.1:
  version "1.1.3"
  resolved "http://repo.sanepar.com.br/repository/node/color-name/-/color-name-1.1.3.tgz#a7d0558bd89c42f795dd42328f740831ca53bc25"

colors@^1.1.2:
  version "1.1.2"
  resolved "http://repo.sanepar.com.br/repository/node/colors/-/colors-1.1.2.tgz#168a4701756b6a7f51a12ce0c97bfa28c084ed63"

combined-stream@^1.0.5, combined-stream@~1.0.5:
  version "1.0.5"
  resolved "http://repo.sanepar.com.br/repository/node/combined-stream/-/combined-stream-1.0.5.tgz#938370a57b4a51dea2c77c15d5c5fdf895164009"
  dependencies:
    delayed-stream "~1.0.0"

commander@2.9.0:
  version "2.9.0"
  resolved "http://repo.sanepar.com.br/repository/node/commander/-/commander-2.9.0.tgz#9c99094176e12240cb22d6c5146098400fe0f7d4"
  dependencies:
    graceful-readlink ">= 1.0.0"

commander@^2.9.0:
  version "2.11.0"
  resolved "http://repo.sanepar.com.br/repository/node/commander/-/commander-2.11.0.tgz#157152fd1e7a6c8d98a5b715cf376df928004563"

component-emitter@^1.2.0:
  version "1.2.1"
  resolved "http://repo.sanepar.com.br/repository/node/component-emitter/-/component-emitter-1.2.1.tgz#137918d6d78283f7df7a6b7c5a63e140e69425e6"

concat-map@0.0.1:
  version "0.0.1"
  resolved "http://repo.sanepar.com.br/repository/node/concat-map/-/concat-map-0.0.1.tgz#d8a96bd77fd68df7793a73036a3ba0d5405d477b"

content-type-parser@^1.0.1:
  version "1.0.1"
  resolved "http://repo.sanepar.com.br/repository/node/content-type-parser/-/content-type-parser-1.0.1.tgz#c3e56988c53c65127fb46d4032a3a900246fdc94"

cookiejar@^2.1.0:
  version "2.1.1"
  resolved "http://repo.sanepar.com.br/repository/node/cookiejar/-/cookiejar-2.1.1.tgz#41ad57b1b555951ec171412a81942b1e8200d34a"

core-js@^2.5.1:
  version "2.5.1"
  resolved "http://repo.sanepar.com.br/repository/node/core-js/-/core-js-2.5.1.tgz#ae6874dc66937789b80754ff5428df66819ca50b"

core-util-is@1.0.2, core-util-is@~1.0.0:
  version "1.0.2"
  resolved "http://repo.sanepar.com.br/repository/node/core-util-is/-/core-util-is-1.0.2.tgz#b5fd54220aa2bc5ab57aab7140c940754503c1a7"

cryptiles@3.x.x:
  version "3.1.2"
  resolved "http://repo.sanepar.com.br/repository/node/cryptiles/-/cryptiles-3.1.2.tgz#a89fbb220f5ce25ec56e8c4aa8a4fd7b5b0d29fe"
  dependencies:
    boom "5.x.x"

cssom@0.3.x, "cssom@>= 0.3.2 < 0.4.0":
  version "0.3.2"
  resolved "http://repo.sanepar.com.br/repository/node/cssom/-/cssom-0.3.2.tgz#b8036170c79f07a90ff2f16e22284027a243848b"

"cssstyle@>= 0.2.37 < 0.3.0":
  version "0.2.37"
  resolved "http://repo.sanepar.com.br/repository/node/cssstyle/-/cssstyle-0.2.37.tgz#541097234cb2513c83ceed3acddc27ff27987d54"
  dependencies:
    cssom "0.3.x"

dashdash@^1.12.0:
  version "1.14.1"
  resolved "http://repo.sanepar.com.br/repository/node/dashdash/-/dashdash-1.14.1.tgz#853cfa0f7cbe2fed5de20326b8dd581035f6e2f0"
  dependencies:
    assert-plus "^1.0.0"

debug@2.6.8:
  version "2.6.8"
  resolved "http://repo.sanepar.com.br/repository/node/debug/-/debug-2.6.8.tgz#e731531ca2ede27d188222427da17821d68ff4fc"
  dependencies:
    ms "2.0.0"

debug@^2.2.0:
  version "2.6.9"
  resolved "http://repo.sanepar.com.br/repository/node/debug/-/debug-2.6.9.tgz#5d128515df134ff327e90a4c93f4e077a536341f"
  dependencies:
    ms "2.0.0"

debug@^3.1.0:
  version "3.1.0"
  resolved "http://repo.sanepar.com.br/repository/node/debug/-/debug-3.1.0.tgz#5bb5a0672628b64149566ba16819e61518c67261"
  dependencies:
    ms "2.0.0"

deep-eql@^0.1.3:
  version "0.1.3"
  resolved "http://repo.sanepar.com.br/repository/node/deep-eql/-/deep-eql-0.1.3.tgz#ef558acab8de25206cd713906d74e56930eb69f2"
  dependencies:
    type-detect "0.1.1"

deep-eql@^3.0.0:
  version "3.0.1"
  resolved "http://repo.sanepar.com.br/repository/node/deep-eql/-/deep-eql-3.0.1.tgz#dfc9404400ad1c8fe023e7da1df1c147c4b444df"
  dependencies:
    type-detect "^4.0.0"

deep-equal@^1.0.0:
  version "1.0.1"
  resolved "http://repo.sanepar.com.br/repository/node/deep-equal/-/deep-equal-1.0.1.tgz#f5d260292b660e084eff4cdbc9f08ad3247448b5"

deep-is@~0.1.3:
  version "0.1.3"
  resolved "http://repo.sanepar.com.br/repository/node/deep-is/-/deep-is-0.1.3.tgz#b369d6fb5dbc13eecf524f91b070feedc357cf34"

delayed-stream@~1.0.0:
  version "1.0.0"
  resolved "http://repo.sanepar.com.br/repository/node/delayed-stream/-/delayed-stream-1.0.0.tgz#df3ae199acadfb7d440aaae0b29e2272b24ec619"

diff@3.2.0:
  version "3.2.0"
  resolved "http://repo.sanepar.com.br/repository/node/diff/-/diff-3.2.0.tgz#c9ce393a4b7cbd0b058a725c93df299027868ff9"

diff@^3.1.0, diff@^3.2.0:
  version "3.3.1"
  resolved "http://repo.sanepar.com.br/repository/node/diff/-/diff-3.3.1.tgz#aa8567a6eed03c531fc89d3f711cd0e5259dec75"

doctrine@^0.7.2:
  version "0.7.2"
  resolved "http://repo.sanepar.com.br/repository/node/doctrine/-/doctrine-0.7.2.tgz#7cb860359ba3be90e040b26b729ce4bfa654c523"
  dependencies:
    esutils "^1.1.6"
    isarray "0.0.1"

domexception@^1.0.0:
  version "1.0.0"
  resolved "http://repo.sanepar.com.br/repository/node/domexception/-/domexception-1.0.0.tgz#81fe5df81b3f057052cde3a9fa9bf536a85b9ab0"

ecc-jsbn@~0.1.1:
  version "0.1.1"
  resolved "http://repo.sanepar.com.br/repository/node/ecc-jsbn/-/ecc-jsbn-0.1.1.tgz#0fc73a9ed5f0d53c38193398523ef7e543777505"
  dependencies:
    jsbn "~0.1.0"

escape-string-regexp@1.0.5, escape-string-regexp@^1.0.2, escape-string-regexp@^1.0.5:
  version "1.0.5"
  resolved "http://repo.sanepar.com.br/repository/node/escape-string-regexp/-/escape-string-regexp-1.0.5.tgz#1b61c0562190a8dff6ae3bb2cf0200ca130b86d4"

escodegen@^1.9.0:
  version "1.9.0"
  resolved "http://repo.sanepar.com.br/repository/node/escodegen/-/escodegen-1.9.0.tgz#9811a2f265dc1cd3894420ee3717064b632b8852"
  dependencies:
    esprima "^3.1.3"
    estraverse "^4.2.0"
    esutils "^2.0.2"
    optionator "^0.8.1"
  optionalDependencies:
    source-map "~0.5.6"

esprima@^3.1.3:
  version "3.1.3"
  resolved "http://repo.sanepar.com.br/repository/node/esprima/-/esprima-3.1.3.tgz#fdca51cee6133895e3c88d535ce49dbff62a4633"

estraverse@^4.2.0:
  version "4.2.0"
  resolved "http://repo.sanepar.com.br/repository/node/estraverse/-/estraverse-4.2.0.tgz#0dee3fed31fcd469618ce7342099fc1afa0bdb13"

esutils@^1.1.6:
  version "1.1.6"
  resolved "http://repo.sanepar.com.br/repository/node/esutils/-/esutils-1.1.6.tgz#c01ccaa9ae4b897c6d0c3e210ae52f3c7a844375"

esutils@^2.0.2:
  version "2.0.2"
  resolved "http://repo.sanepar.com.br/repository/node/esutils/-/esutils-2.0.2.tgz#0abf4f1caa5bcb1f7a9d8acc6dea4faaa04bac9b"

extend@^3.0.0, extend@~3.0.1:
  version "3.0.1"
  resolved "http://repo.sanepar.com.br/repository/node/extend/-/extend-3.0.1.tgz#a755ea7bc1adfcc5a31ce7e762dbaadc5e636444"

extsprintf@1.3.0, extsprintf@^1.2.0:
  version "1.3.0"
  resolved "http://repo.sanepar.com.br/repository/node/extsprintf/-/extsprintf-1.3.0.tgz#96918440e3041a7a414f8c52e3c574eb3c3e1e05"

fast-deep-equal@^1.0.0:
  version "1.0.0"
  resolved "http://repo.sanepar.com.br/repository/node/fast-deep-equal/-/fast-deep-equal-1.0.0.tgz#96256a3bc975595eb36d82e9929d060d893439ff"

fast-levenshtein@~2.0.4:
  version "2.0.6"
  resolved "http://repo.sanepar.com.br/repository/node/fast-levenshtein/-/fast-levenshtein-2.0.6.tgz#3d8a5c66883a16a30ca8643e851f19baa7797917"

findup-sync@~0.3.0:
  version "0.3.0"
  resolved "http://repo.sanepar.com.br/repository/node/findup-sync/-/findup-sync-0.3.0.tgz#37930aa5d816b777c03445e1966cc6790a4c0b16"
  dependencies:
    glob "~5.0.0"

forever-agent@~0.6.1:
  version "0.6.1"
  resolved "http://repo.sanepar.com.br/repository/node/forever-agent/-/forever-agent-0.6.1.tgz#fbc71f0c41adeb37f96c577ad1ed42d8fdacca91"

form-data@^2.3.1, form-data@~2.3.1:
  version "2.3.1"
  resolved "http://repo.sanepar.com.br/repository/node/form-data/-/form-data-2.3.1.tgz#6fb94fbd71885306d73d15cc497fe4cc4ecd44bf"
  dependencies:
    asynckit "^0.4.0"
    combined-stream "^1.0.5"
    mime-types "^2.1.12"

formidable@^1.1.1:
  version "1.1.1"
  resolved "http://repo.sanepar.com.br/repository/node/formidable/-/formidable-1.1.1.tgz#96b8886f7c3c3508b932d6bd70c4d3a88f35f1a9"

fs.realpath@^1.0.0:
  version "1.0.0"
  resolved "http://repo.sanepar.com.br/repository/node/fs.realpath/-/fs.realpath-1.0.0.tgz#1504ad2523158caa40db4a2787cb01411994ea4f"

get-func-name@^2.0.0:
  version "2.0.0"
  resolved "http://repo.sanepar.com.br/repository/node/get-func-name/-/get-func-name-2.0.0.tgz#ead774abee72e20409433a066366023dd6887a41"

getpass@^0.1.1:
  version "0.1.7"
  resolved "http://repo.sanepar.com.br/repository/node/getpass/-/getpass-0.1.7.tgz#5eff8e3e684d569ae4cb2b1282604e8ba62149fa"
  dependencies:
    assert-plus "^1.0.0"

glob@7.1.1:
  version "7.1.1"
  resolved "http://repo.sanepar.com.br/repository/node/glob/-/glob-7.1.1.tgz#805211df04faaf1c63a3600306cdf5ade50b2ec8"
  dependencies:
    fs.realpath "^1.0.0"
    inflight "^1.0.4"
    inherits "2"
    minimatch "^3.0.2"
    once "^1.3.0"
    path-is-absolute "^1.0.0"

glob@^7.1.1:
  version "7.1.2"
  resolved "http://repo.sanepar.com.br/repository/node/glob/-/glob-7.1.2.tgz#c19c9df9a028702d678612384a6552404c636d15"
  dependencies:
    fs.realpath "^1.0.0"
    inflight "^1.0.4"
    inherits "2"
    minimatch "^3.0.4"
    once "^1.3.0"
    path-is-absolute "^1.0.0"

glob@~5.0.0:
  version "5.0.15"
  resolved "http://repo.sanepar.com.br/repository/node/glob/-/glob-5.0.15.tgz#1bc936b9e02f4a603fcc222ecf7633d30b8b93b1"
  dependencies:
    inflight "^1.0.4"
    inherits "2"
    minimatch "2 || 3"
    once "^1.3.0"
    path-is-absolute "^1.0.0"

"graceful-readlink@>= 1.0.0":
  version "1.0.1"
  resolved "http://repo.sanepar.com.br/repository/node/graceful-readlink/-/graceful-readlink-1.0.1.tgz#4cafad76bc62f02fa039b2f94e9a3dd3a391a725"

growl@1.9.2:
  version "1.9.2"
  resolved "http://repo.sanepar.com.br/repository/node/growl/-/growl-1.9.2.tgz#0ea7743715db8d8de2c5ede1775e1b45ac85c02f"

har-schema@^2.0.0:
  version "2.0.0"
  resolved "http://repo.sanepar.com.br/repository/node/har-schema/-/har-schema-2.0.0.tgz#a94c2224ebcac04782a0d9035521f24735b7ec92"

har-validator@~5.0.3:
  version "5.0.3"
  resolved "http://repo.sanepar.com.br/repository/node/har-validator/-/har-validator-5.0.3.tgz#ba402c266194f15956ef15e0fcf242993f6a7dfd"
  dependencies:
    ajv "^5.1.0"
    har-schema "^2.0.0"

has-ansi@^2.0.0:
  version "2.0.0"
  resolved "http://repo.sanepar.com.br/repository/node/has-ansi/-/has-ansi-2.0.0.tgz#34f5049ce1ecdf2b0649af3ef24e45ed35416d91"
  dependencies:
    ansi-regex "^2.0.0"

has-flag@^1.0.0:
  version "1.0.0"
  resolved "http://repo.sanepar.com.br/repository/node/has-flag/-/has-flag-1.0.0.tgz#9d9e793165ce017a00f00418c43f942a7b1d11fa"

has-flag@^2.0.0:
  version "2.0.0"
  resolved "http://repo.sanepar.com.br/repository/node/has-flag/-/has-flag-2.0.0.tgz#e8207af1cc7b30d446cc70b734b5e8be18f88d51"

hawk@~6.0.2:
  version "6.0.2"
  resolved "http://repo.sanepar.com.br/repository/node/hawk/-/hawk-6.0.2.tgz#af4d914eb065f9b5ce4d9d11c1cb2126eecc3038"
  dependencies:
    boom "4.x.x"
    cryptiles "3.x.x"
    hoek "4.x.x"
    sntp "2.x.x"

he@1.1.1:
  version "1.1.1"
  resolved "http://repo.sanepar.com.br/repository/node/he/-/he-1.1.1.tgz#93410fd21b009735151f8868c2f271f3427e23fd"

hoek@4.x.x:
  version "4.2.0"
  resolved "http://repo.sanepar.com.br/repository/node/hoek/-/hoek-4.2.0.tgz#72d9d0754f7fe25ca2d01ad8f8f9a9449a89526d"

homedir-polyfill@^1.0.1:
  version "1.0.1"
  resolved "http://repo.sanepar.com.br/repository/node/homedir-polyfill/-/homedir-polyfill-1.0.1.tgz#4c2bbc8a758998feebf5ed68580f76d46768b4bc"
  dependencies:
    parse-passwd "^1.0.0"

html-encoding-sniffer@^1.0.1:
  version "1.0.1"
  resolved "http://repo.sanepar.com.br/repository/node/html-encoding-sniffer/-/html-encoding-sniffer-1.0.1.tgz#79bf7a785ea495fe66165e734153f363ff5437da"
  dependencies:
    whatwg-encoding "^1.0.1"

http-signature@~1.2.0:
  version "1.2.0"
  resolved "http://repo.sanepar.com.br/repository/node/http-signature/-/http-signature-1.2.0.tgz#9aecd925114772f3d95b65a60abb8f7c18fbace1"
  dependencies:
    assert-plus "^1.0.0"
    jsprim "^1.2.2"
    sshpk "^1.7.0"

iconv-lite@0.4.13:
  version "0.4.13"
  resolved "http://repo.sanepar.com.br/repository/node/iconv-lite/-/iconv-lite-0.4.13.tgz#1f88aba4ab0b1508e8312acc39345f36e992e2f2"

inflight@^1.0.4:
  version "1.0.6"
  resolved "http://repo.sanepar.com.br/repository/node/inflight/-/inflight-1.0.6.tgz#49bd6331d7d02d0c09bc910a1075ba8165b56df9"
  dependencies:
    once "^1.3.0"
    wrappy "1"

inherits@2, inherits@~2.0.3:
  version "2.0.3"
  resolved "http://repo.sanepar.com.br/repository/node/inherits/-/inherits-2.0.3.tgz#633c2c83e3da42a502f52466022480f4208261de"

is-typedarray@~1.0.0:
  version "1.0.0"
  resolved "http://repo.sanepar.com.br/repository/node/is-typedarray/-/is-typedarray-1.0.0.tgz#e479c80858df0c1b11ddda6940f96011fcda4a9a"

isarray@0.0.1:
  version "0.0.1"
  resolved "http://repo.sanepar.com.br/repository/node/isarray/-/isarray-0.0.1.tgz#8a18acfca9a8f4177e09abfc6038939b05d1eedf"

isarray@~1.0.0:
  version "1.0.0"
  resolved "http://repo.sanepar.com.br/repository/node/isarray/-/isarray-1.0.0.tgz#bb935d48582cba168c06834957a54a3e07124f11"

isstream@~0.1.2:
  version "0.1.2"
  resolved "http://repo.sanepar.com.br/repository/node/isstream/-/isstream-0.1.2.tgz#47e63f7af55afa6f92e1500e690eb8b8529c099a"

js-tokens@^3.0.2:
  version "3.0.2"
  resolved "http://repo.sanepar.com.br/repository/node/js-tokens/-/js-tokens-3.0.2.tgz#9866df395102130e38f7f996bceb65443209c25b"

jsbn@~0.1.0:
  version "0.1.1"
  resolved "http://repo.sanepar.com.br/repository/node/jsbn/-/jsbn-0.1.1.tgz#a5e654c2e5a2deb5f201d96cefbca80c0ef2f513"

jsdom-global@^3.0.2:
  version "3.0.2"
  resolved "http://repo.sanepar.com.br/repository/node/jsdom-global/-/jsdom-global-3.0.2.tgz#6bd299c13b0c4626b2da2c0393cd4385d606acb9"

jsdom@^11.3.0:
  version "11.3.0"
  resolved "http://repo.sanepar.com.br/repository/node/jsdom/-/jsdom-11.3.0.tgz#7b2dfe6227d014084d80f6b3e98fa1e4cef199e7"
  dependencies:
    abab "^1.0.3"
    acorn "^5.1.2"
    acorn-globals "^4.0.0"
    array-equal "^1.0.0"
    content-type-parser "^1.0.1"
    cssom ">= 0.3.2 < 0.4.0"
    cssstyle ">= 0.2.37 < 0.3.0"
    domexception "^1.0.0"
    escodegen "^1.9.0"
    html-encoding-sniffer "^1.0.1"
    nwmatcher "^1.4.1"
    parse5 "^3.0.2"
    pn "^1.0.0"
    request "^2.83.0"
    request-promise-native "^1.0.3"
    sax "^1.2.1"
    symbol-tree "^3.2.1"
    tough-cookie "^2.3.3"
    webidl-conversions "^4.0.2"
    whatwg-encoding "^1.0.1"
    whatwg-url "^6.3.0"
    xml-name-validator "^2.0.1"

json-schema-traverse@^0.3.0:
  version "0.3.1"
  resolved "http://repo.sanepar.com.br/repository/node/json-schema-traverse/-/json-schema-traverse-0.3.1.tgz#349a6d44c53a51de89b40805c5d5e59b417d3340"

json-schema@0.2.3:
  version "0.2.3"
  resolved "http://repo.sanepar.com.br/repository/node/json-schema/-/json-schema-0.2.3.tgz#b480c892e59a2f05954ce727bd3f2a4e882f9e13"

json-stable-stringify@^1.0.1:
  version "1.0.1"
  resolved "http://repo.sanepar.com.br/repository/node/json-stable-stringify/-/json-stable-stringify-1.0.1.tgz#9a759d39c5f2ff503fd5300646ed445f88c4f9af"
  dependencies:
    jsonify "~0.0.0"

json-stringify-safe@^5.0.1, json-stringify-safe@~5.0.1:
  version "5.0.1"
  resolved "http://repo.sanepar.com.br/repository/node/json-stringify-safe/-/json-stringify-safe-5.0.1.tgz#1296a2d58fd45f19a0f6ce01d65701e2c735b6eb"

json3@3.3.2:
  version "3.3.2"
  resolved "http://repo.sanepar.com.br/repository/node/json3/-/json3-3.3.2.tgz#3c0434743df93e2f5c42aee7b19bcb483575f4e1"

jsonify@~0.0.0:
  version "0.0.0"
  resolved "http://repo.sanepar.com.br/repository/node/jsonify/-/jsonify-0.0.0.tgz#2c74b6ee41d93ca51b7b5aaee8f503631d252a73"

jsprim@^1.2.2:
  version "1.4.1"
  resolved "http://repo.sanepar.com.br/repository/node/jsprim/-/jsprim-1.4.1.tgz#313e66bc1e5cc06e438bc1b7499c2e5c56acb6a2"
  dependencies:
    assert-plus "1.0.0"
    extsprintf "1.3.0"
    json-schema "0.2.3"
    verror "1.10.0"

keycloak-js@^3.3.0-cr.1:
  version "3.3.0-cr.2"
  resolved "http://repo.sanepar.com.br/repository/node/keycloak-js/-/keycloak-js-3.3.0-cr.2.tgz#5c9f9c1ebddcf4816aa1770e2df563e8787bba06"

levn@~0.3.0:
  version "0.3.0"
  resolved "http://repo.sanepar.com.br/repository/node/levn/-/levn-0.3.0.tgz#3b09924edf9f083c0490fdd4c0bc4421e04764ee"
  dependencies:
    prelude-ls "~1.1.2"
    type-check "~0.3.2"

lodash._baseassign@^3.0.0:
  version "3.2.0"
  resolved "http://repo.sanepar.com.br/repository/node/lodash._baseassign/-/lodash._baseassign-3.2.0.tgz#8c38a099500f215ad09e59f1722fd0c52bfe0a4e"
  dependencies:
    lodash._basecopy "^3.0.0"
    lodash.keys "^3.0.0"

lodash._basecopy@^3.0.0:
  version "3.0.1"
  resolved "http://repo.sanepar.com.br/repository/node/lodash._basecopy/-/lodash._basecopy-3.0.1.tgz#8da0e6a876cf344c0ad8a54882111dd3c5c7ca36"

lodash._basecreate@^3.0.0:
  version "3.0.3"
  resolved "http://repo.sanepar.com.br/repository/node/lodash._basecreate/-/lodash._basecreate-3.0.3.tgz#1bc661614daa7fc311b7d03bf16806a0213cf821"

lodash._getnative@^3.0.0:
  version "3.9.1"
  resolved "http://repo.sanepar.com.br/repository/node/lodash._getnative/-/lodash._getnative-3.9.1.tgz#570bc7dede46d61cdcde687d65d3eecbaa3aaff5"

lodash._isiterateecall@^3.0.0:
  version "3.0.9"
  resolved "http://repo.sanepar.com.br/repository/node/lodash._isiterateecall/-/lodash._isiterateecall-3.0.9.tgz#5203ad7ba425fae842460e696db9cf3e6aac057c"

lodash.create@3.1.1:
  version "3.1.1"
  resolved "http://repo.sanepar.com.br/repository/node/lodash.create/-/lodash.create-3.1.1.tgz#d7f2849f0dbda7e04682bb8cd72ab022461debe7"
  dependencies:
    lodash._baseassign "^3.0.0"
    lodash._basecreate "^3.0.0"
    lodash._isiterateecall "^3.0.0"

lodash.isarguments@^3.0.0:
  version "3.1.0"
  resolved "http://repo.sanepar.com.br/repository/node/lodash.isarguments/-/lodash.isarguments-3.1.0.tgz#2f573d85c6a24289ff00663b491c1d338ff3458a"

lodash.isarray@^3.0.0:
  version "3.0.4"
  resolved "http://repo.sanepar.com.br/repository/node/lodash.isarray/-/lodash.isarray-3.0.4.tgz#79e4eb88c36a8122af86f844aa9bcd851b5fbb55"

lodash.keys@^3.0.0:
  version "3.1.2"
  resolved "http://repo.sanepar.com.br/repository/node/lodash.keys/-/lodash.keys-3.1.2.tgz#4dbc0472b156be50a0b286855d1bd0b0c656098a"
  dependencies:
    lodash._getnative "^3.0.0"
    lodash.isarguments "^3.0.0"
    lodash.isarray "^3.0.0"

lodash.sortby@^4.7.0:
  version "4.7.0"
  resolved "http://repo.sanepar.com.br/repository/node/lodash.sortby/-/lodash.sortby-4.7.0.tgz#edd14c824e2cc9c1e0b0a1b42bb5210516a42438"

lodash@^4.13.1, lodash@~4.17.2:
  version "4.17.4"
  resolved "http://repo.sanepar.com.br/repository/node/lodash/-/lodash-4.17.4.tgz#78203a4d1c328ae1d86dca6460e369b57f4055ae"

make-error@^1.1.1:
  version "1.3.0"
  resolved "http://repo.sanepar.com.br/repository/node/make-error/-/make-error-1.3.0.tgz#52ad3a339ccf10ce62b4040b708fe707244b8b96"

methods@^1.1.1:
  version "1.1.2"
  resolved "http://repo.sanepar.com.br/repository/node/methods/-/methods-1.1.2.tgz#5529a4d67654134edcc5266656835b0f851afcee"

mime-db@~1.30.0:
  version "1.30.0"
  resolved "http://repo.sanepar.com.br/repository/node/mime-db/-/mime-db-1.30.0.tgz#74c643da2dd9d6a45399963465b26d5ca7d71f01"

mime-types@^2.1.12, mime-types@~2.1.17:
  version "2.1.17"
  resolved "http://repo.sanepar.com.br/repository/node/mime-types/-/mime-types-2.1.17.tgz#09d7a393f03e995a79f8af857b70a9e0ab16557a"
  dependencies:
    mime-db "~1.30.0"

mime@^2.0.3:
  version "2.0.3"
  resolved "http://repo.sanepar.com.br/repository/node/mime/-/mime-2.0.3.tgz#4353337854747c48ea498330dc034f9f4bbbcc0b"

"minimatch@2 || 3", minimatch@^3.0.2, minimatch@^3.0.4:
  version "3.0.4"
  resolved "http://repo.sanepar.com.br/repository/node/minimatch/-/minimatch-3.0.4.tgz#5166e286457f03306064be5497e8dbb0c3d32083"
  dependencies:
    brace-expansion "^1.1.7"

minimist@0.0.8:
  version "0.0.8"
  resolved "http://repo.sanepar.com.br/repository/node/minimist/-/minimist-0.0.8.tgz#857fcabfc3397d2625b8228262e86aa7a011b05d"

minimist@^1.2.0:
  version "1.2.0"
  resolved "http://repo.sanepar.com.br/repository/node/minimist/-/minimist-1.2.0.tgz#a35008b20f41383eec1fb914f4cd5df79a264284"

minimist@~0.0.1:
  version "0.0.10"
  resolved "http://repo.sanepar.com.br/repository/node/minimist/-/minimist-0.0.10.tgz#de3f98543dbf96082be48ad1a0c7cda836301dcf"

mkdirp@0.5.1, mkdirp@^0.5.0, mkdirp@^0.5.1:
  version "0.5.1"
  resolved "http://repo.sanepar.com.br/repository/node/mkdirp/-/mkdirp-0.5.1.tgz#30057438eac6cf7f8c4767f38648d6697d75c903"
  dependencies:
    minimist "0.0.8"

mocha@^3.5.3:
  version "3.5.3"
  resolved "http://repo.sanepar.com.br/repository/node/mocha/-/mocha-3.5.3.tgz#1e0480fe36d2da5858d1eb6acc38418b26eaa20d"
  dependencies:
    browser-stdout "1.3.0"
    commander "2.9.0"
    debug "2.6.8"
    diff "3.2.0"
    escape-string-regexp "1.0.5"
    glob "7.1.1"
    growl "1.9.2"
    he "1.1.1"
    json3 "3.3.2"
    lodash.create "3.1.1"
    mkdirp "0.5.1"
    supports-color "3.1.2"

ms@2.0.0:
  version "2.0.0"
  resolved "http://repo.sanepar.com.br/repository/node/ms/-/ms-2.0.0.tgz#5608aeadfc00be6c2901df5f9861788de0d597c8"

nock@^9.0.22:
  version "9.0.22"
  resolved "http://repo.sanepar.com.br/repository/node/nock/-/nock-9.0.22.tgz#f6eb8ea58c6232dead857484370c2e46f010a087"
  dependencies:
    chai ">=1.9.2 <4.0.0"
    debug "^2.2.0"
    deep-equal "^1.0.0"
    json-stringify-safe "^5.0.1"
    lodash "~4.17.2"
    mkdirp "^0.5.0"
    propagate "0.4.0"
    qs "^6.0.2"
    semver "^5.3.0"

nwmatcher@^1.4.1:
  version "1.4.2"
  resolved "http://repo.sanepar.com.br/repository/node/nwmatcher/-/nwmatcher-1.4.2.tgz#c5e545ab40d22a56b0326531c4beaed7a888b3ea"

oauth-sign@~0.8.2:
  version "0.8.2"
  resolved "http://repo.sanepar.com.br/repository/node/oauth-sign/-/oauth-sign-0.8.2.tgz#46a6ab7f0aead8deae9ec0565780b7d4efeb9d43"

once@^1.3.0:
  version "1.4.0"
  resolved "http://repo.sanepar.com.br/repository/node/once/-/once-1.4.0.tgz#583b1aa775961d4b113ac17d9c50baef9dd76bd1"
  dependencies:
    wrappy "1"

optimist@~0.6.0:
  version "0.6.1"
  resolved "http://repo.sanepar.com.br/repository/node/optimist/-/optimist-0.6.1.tgz#da3ea74686fa21a19a111c326e90eb15a0196686"
  dependencies:
    minimist "~0.0.1"
    wordwrap "~0.0.2"

optionator@^0.8.1:
  version "0.8.2"
  resolved "http://repo.sanepar.com.br/repository/node/optionator/-/optionator-0.8.2.tgz#364c5e409d3f4d6301d6c0b4c05bba50180aeb64"
  dependencies:
    deep-is "~0.1.3"
    fast-levenshtein "~2.0.4"
    levn "~0.3.0"
    prelude-ls "~1.1.2"
    type-check "~0.3.2"
    wordwrap "~1.0.0"

parse-passwd@^1.0.0:
  version "1.0.0"
  resolved "http://repo.sanepar.com.br/repository/node/parse-passwd/-/parse-passwd-1.0.0.tgz#6d5b934a456993b23d37f40a382d6f1666a8e5c6"

parse5@^3.0.2:
  version "3.0.2"
  resolved "http://repo.sanepar.com.br/repository/node/parse5/-/parse5-3.0.2.tgz#05eff57f0ef4577fb144a79f8b9a967a6cc44510"
  dependencies:
    "@types/node" "^6.0.46"

path-is-absolute@^1.0.0:
  version "1.0.1"
  resolved "http://repo.sanepar.com.br/repository/node/path-is-absolute/-/path-is-absolute-1.0.1.tgz#174b9268735534ffbc7ace6bf53a5a9e1b5c5f5f"

path-parse@^1.0.5:
  version "1.0.5"
  resolved "http://repo.sanepar.com.br/repository/node/path-parse/-/path-parse-1.0.5.tgz#3c1adf871ea9cd6c9431b6ea2bd74a0ff055c4c1"

pathval@^1.0.0:
  version "1.1.0"
  resolved "http://repo.sanepar.com.br/repository/node/pathval/-/pathval-1.1.0.tgz#b942e6d4bde653005ef6b71361def8727d0645e0"

performance-now@^2.1.0:
  version "2.1.0"
  resolved "http://repo.sanepar.com.br/repository/node/performance-now/-/performance-now-2.1.0.tgz#6309f4e0e5fa913ec1c69307ae364b4b377c9e7b"

pn@^1.0.0:
  version "1.0.0"
  resolved "http://repo.sanepar.com.br/repository/node/pn/-/pn-1.0.0.tgz#1cf5a30b0d806cd18f88fc41a6b5d4ad615b3ba9"

prelude-ls@~1.1.2:
  version "1.1.2"
  resolved "http://repo.sanepar.com.br/repository/node/prelude-ls/-/prelude-ls-1.1.2.tgz#21932a549f5e52ffd9a827f570e04be62a97da54"

process-nextick-args@~1.0.6:
  version "1.0.7"
  resolved "http://repo.sanepar.com.br/repository/node/process-nextick-args/-/process-nextick-args-1.0.7.tgz#150e20b756590ad3f91093f25a4f2ad8bff30ba3"

propagate@0.4.0:
  version "0.4.0"
  resolved "http://repo.sanepar.com.br/repository/node/propagate/-/propagate-0.4.0.tgz#f3fcca0a6fe06736a7ba572966069617c130b481"

punycode@^1.4.1:
  version "1.4.1"
  resolved "http://repo.sanepar.com.br/repository/node/punycode/-/punycode-1.4.1.tgz#c0d5a63b2718800ad8e1eb0fa5269c84dd41845e"

punycode@^2.1.0:
  version "2.1.0"
  resolved "http://repo.sanepar.com.br/repository/node/punycode/-/punycode-2.1.0.tgz#5f863edc89b96db09074bad7947bf09056ca4e7d"

qs@^6.0.2, qs@^6.5.1, qs@~6.5.1:
  version "6.5.1"
  resolved "http://repo.sanepar.com.br/repository/node/qs/-/qs-6.5.1.tgz#349cdf6eef89ec45c12d7d5eb3fc0c870343a6d8"

readable-stream@^2.0.5:
  version "2.3.3"
  resolved "http://repo.sanepar.com.br/repository/node/readable-stream/-/readable-stream-2.3.3.tgz#368f2512d79f9d46fdfc71349ae7878bbc1eb95c"
  dependencies:
    core-util-is "~1.0.0"
    inherits "~2.0.3"
    isarray "~1.0.0"
    process-nextick-args "~1.0.6"
    safe-buffer "~5.1.1"
    string_decoder "~1.0.3"
    util-deprecate "~1.0.1"

reflect-metadata@^0.1.10:
  version "0.1.10"
  resolved "http://repo.sanepar.com.br/repository/node/reflect-metadata/-/reflect-metadata-0.1.10.tgz#b4f83704416acad89988c9b15635d47e03b9344a"

request-promise-core@1.1.1:
  version "1.1.1"
  resolved "http://repo.sanepar.com.br/repository/node/request-promise-core/-/request-promise-core-1.1.1.tgz#3eee00b2c5aa83239cfb04c5700da36f81cd08b6"
  dependencies:
    lodash "^4.13.1"

request-promise-native@^1.0.3:
  version "1.0.5"
  resolved "http://repo.sanepar.com.br/repository/node/request-promise-native/-/request-promise-native-1.0.5.tgz#5281770f68e0c9719e5163fd3fab482215f4fda5"
  dependencies:
    request-promise-core "1.1.1"
    stealthy-require "^1.1.0"
    tough-cookie ">=2.3.3"

request@^2.83.0:
  version "2.83.0"
  resolved "http://repo.sanepar.com.br/repository/node/request/-/request-2.83.0.tgz#ca0b65da02ed62935887808e6f510381034e3356"
  dependencies:
    aws-sign2 "~0.7.0"
    aws4 "^1.6.0"
    caseless "~0.12.0"
    combined-stream "~1.0.5"
    extend "~3.0.1"
    forever-agent "~0.6.1"
    form-data "~2.3.1"
    har-validator "~5.0.3"
    hawk "~6.0.2"
    http-signature "~1.2.0"
    is-typedarray "~1.0.0"
    isstream "~0.1.2"
    json-stringify-safe "~5.0.1"
    mime-types "~2.1.17"
    oauth-sign "~0.8.2"
    performance-now "^2.1.0"
    qs "~6.5.1"
    safe-buffer "^5.1.1"
    stringstream "~0.0.5"
    tough-cookie "~2.3.3"
    tunnel-agent "^0.6.0"
    uuid "^3.1.0"

resolve@^1.3.2:
  version "1.4.0"
  resolved "http://repo.sanepar.com.br/repository/node/resolve/-/resolve-1.4.0.tgz#a75be01c53da25d934a98ebd0e4c4a7312f92a86"
  dependencies:
    path-parse "^1.0.5"

rxjs@5.0.1:
  version "5.0.1"
  resolved "http://repo.sanepar.com.br/repository/node/rxjs/-/rxjs-5.0.1.tgz#3a69bdf9f0ca0a986303370d4708f72bdfac8356"
  dependencies:
    symbol-observable "^1.0.1"

safe-buffer@^5.0.1, safe-buffer@^5.1.1, safe-buffer@~5.1.0, safe-buffer@~5.1.1:
  version "5.1.1"
  resolved "http://repo.sanepar.com.br/repository/node/safe-buffer/-/safe-buffer-5.1.1.tgz#893312af69b2123def71f57889001671eeb2c853"

sax@^1.2.1:
  version "1.2.4"
  resolved "http://repo.sanepar.com.br/repository/node/sax/-/sax-1.2.4.tgz#2816234e2378bddc4e5354fab5caa895df7100d9"

semver@^5.3.0:
  version "5.4.1"
  resolved "http://repo.sanepar.com.br/repository/node/semver/-/semver-5.4.1.tgz#e059c09d8571f0540823733433505d3a2f00b18e"

sntp@2.x.x:
  version "2.0.2"
  resolved "http://repo.sanepar.com.br/repository/node/sntp/-/sntp-2.0.2.tgz#5064110f0af85f7cfdb7d6b67a40028ce52b4b2b"
  dependencies:
    hoek "4.x.x"

source-map-support@^0.4.0:
  version "0.4.18"
  resolved "http://repo.sanepar.com.br/repository/node/source-map-support/-/source-map-support-0.4.18.tgz#0286a6de8be42641338594e97ccea75f0a2c585f"
  dependencies:
    source-map "^0.5.6"

source-map@^0.5.6, source-map@~0.5.6:
  version "0.5.7"
  resolved "http://repo.sanepar.com.br/repository/node/source-map/-/source-map-0.5.7.tgz#8a039d2d1021d22d1ea14c80d8ea468ba2ef3fcc"

sshpk@^1.7.0:
  version "1.13.1"
  resolved "http://repo.sanepar.com.br/repository/node/sshpk/-/sshpk-1.13.1.tgz#512df6da6287144316dc4c18fe1cf1d940739be3"
  dependencies:
    asn1 "~0.2.3"
    assert-plus "^1.0.0"
    dashdash "^1.12.0"
    getpass "^0.1.1"
  optionalDependencies:
    bcrypt-pbkdf "^1.0.0"
    ecc-jsbn "~0.1.1"
    jsbn "~0.1.0"
    tweetnacl "~0.14.0"

stealthy-require@^1.1.0:
  version "1.1.1"
  resolved "http://repo.sanepar.com.br/repository/node/stealthy-require/-/stealthy-require-1.1.1.tgz#35b09875b4ff49f26a777e509b3090a3226bf24b"

string_decoder@~1.0.3:
  version "1.0.3"
  resolved "http://repo.sanepar.com.br/repository/node/string_decoder/-/string_decoder-1.0.3.tgz#0fc67d7c141825de94282dd536bec6b9bce860ab"
  dependencies:
    safe-buffer "~5.1.0"

stringstream@~0.0.5:
  version "0.0.5"
  resolved "http://repo.sanepar.com.br/repository/node/stringstream/-/stringstream-0.0.5.tgz#4e484cd4de5a0bbbee18e46307710a8a81621878"

strip-ansi@^3.0.0:
  version "3.0.1"
  resolved "http://repo.sanepar.com.br/repository/node/strip-ansi/-/strip-ansi-3.0.1.tgz#6a385fb8853d952d5ff05d0e8aaf94278dc63dcf"
  dependencies:
    ansi-regex "^2.0.0"

strip-bom@^3.0.0:
  version "3.0.0"
  resolved "http://repo.sanepar.com.br/repository/node/strip-bom/-/strip-bom-3.0.0.tgz#2334c18e9c759f7bdd56fdef7e9ae3d588e68ed3"

strip-json-comments@^2.0.0:
  version "2.0.1"
  resolved "http://repo.sanepar.com.br/repository/node/strip-json-comments/-/strip-json-comments-2.0.1.tgz#3c531942e908c2697c0ec344858c286c7ca0a60a"

superagent@^3.6.2:
  version "3.6.2"
  resolved "http://repo.sanepar.com.br/repository/node/superagent/-/superagent-3.6.2.tgz#af87b454705e6b07ed3967bfe299428241681f33"
  dependencies:
    component-emitter "^1.2.0"
    cookiejar "^2.1.0"
    debug "^3.1.0"
    extend "^3.0.0"
    form-data "^2.3.1"
    formidable "^1.1.1"
    methods "^1.1.1"
    mime "^2.0.3"
    qs "^6.5.1"
    readable-stream "^2.0.5"

supports-color@3.1.2:
  version "3.1.2"
  resolved "http://repo.sanepar.com.br/repository/node/supports-color/-/supports-color-3.1.2.tgz#72a262894d9d408b956ca05ff37b2ed8a6e2a2d5"
  dependencies:
    has-flag "^1.0.0"

supports-color@^2.0.0:
  version "2.0.0"
  resolved "http://repo.sanepar.com.br/repository/node/supports-color/-/supports-color-2.0.0.tgz#535d045ce6b6363fa40117084629995e9df324c7"

supports-color@^4.0.0:
  version "4.4.0"
  resolved "http://repo.sanepar.com.br/repository/node/supports-color/-/supports-color-4.4.0.tgz#883f7ddabc165142b2a61427f3352ded195d1a3e"
  dependencies:
    has-flag "^2.0.0"

symbol-observable@^1.0.1:
  version "1.0.4"
  resolved "http://repo.sanepar.com.br/repository/node/symbol-observable/-/symbol-observable-1.0.4.tgz#29bf615d4aa7121bdd898b22d4b3f9bc4e2aa03d"

symbol-tree@^3.2.1:
  version "3.2.2"
  resolved "http://repo.sanepar.com.br/repository/node/symbol-tree/-/symbol-tree-3.2.2.tgz#ae27db38f660a7ae2e1c3b7d1bc290819b8519e6"

tough-cookie@>=2.3.3, tough-cookie@^2.3.3, tough-cookie@~2.3.3:
  version "2.3.3"
  resolved "http://repo.sanepar.com.br/repository/node/tough-cookie/-/tough-cookie-2.3.3.tgz#0b618a5565b6dea90bf3425d04d55edc475a7561"
  dependencies:
    punycode "^1.4.1"

tr46@^1.0.0:
  version "1.0.1"
  resolved "http://repo.sanepar.com.br/repository/node/tr46/-/tr46-1.0.1.tgz#a8b13fd6bfd2489519674ccde55ba3693b706d09"
  dependencies:
    punycode "^2.1.0"

ts-node@^3.3.0:
  version "3.3.0"
  resolved "http://repo.sanepar.com.br/repository/node/ts-node/-/ts-node-3.3.0.tgz#c13c6a3024e30be1180dd53038fc209289d4bf69"
  dependencies:
    arrify "^1.0.0"
    chalk "^2.0.0"
    diff "^3.1.0"
    make-error "^1.1.1"
    minimist "^1.2.0"
    mkdirp "^0.5.1"
    source-map-support "^0.4.0"
    tsconfig "^6.0.0"
    v8flags "^3.0.0"
    yn "^2.0.0"

tsconfig@^6.0.0:
  version "6.0.0"
  resolved "http://repo.sanepar.com.br/repository/node/tsconfig/-/tsconfig-6.0.0.tgz#6b0e8376003d7af1864f8df8f89dd0059ffcd032"
  dependencies:
    strip-bom "^3.0.0"
    strip-json-comments "^2.0.0"

tslib@^1.0.0, tslib@^1.7.1:
  version "1.7.1"
  resolved "http://repo.sanepar.com.br/repository/node/tslib/-/tslib-1.7.1.tgz#bc8004164691923a79fe8378bbeb3da2017538ec"

tslint-config-airbnb@^5.2.1:
  version "5.3.0"
  resolved "http://repo.sanepar.com.br/repository/node/tslint-config-airbnb/-/tslint-config-airbnb-5.3.0.tgz#78c3e6fcc452eb2a460266004f85a201a0a5b7a3"
  dependencies:
    tslint-consistent-codestyle "^1.4.0"
    tslint-eslint-rules "^4.1.1"
    tslint-microsoft-contrib "^5.0.0"
    vrsource-tslint-rules "^5.1.0"

tslint-consistent-codestyle@^1.4.0:
  version "1.7.0"
  resolved "http://repo.sanepar.com.br/repository/node/tslint-consistent-codestyle/-/tslint-consistent-codestyle-1.7.0.tgz#9cff65ff5313d102e7d8ea00d4280bb6f8a5dfc4"
  dependencies:
    tslib "^1.7.1"
    tsutils "^2.11.0"

tslint-eslint-rules@^4.1.1:
  version "4.1.1"
  resolved "http://repo.sanepar.com.br/repository/node/tslint-eslint-rules/-/tslint-eslint-rules-4.1.1.tgz#7c30e7882f26bc276bff91d2384975c69daf88ba"
  dependencies:
    doctrine "^0.7.2"
    tslib "^1.0.0"
    tsutils "^1.4.0"

tslint-microsoft-contrib@^5.0.0:
  version "5.0.1"
  resolved "http://repo.sanepar.com.br/repository/node/tslint-microsoft-contrib/-/tslint-microsoft-contrib-5.0.1.tgz#328ee9c28d07cdf793293204c96e2ffab9221994"
  dependencies:
    tsutils "^1.4.0"

tslint@^5.7.0:
  version "5.7.0"
  resolved "http://repo.sanepar.com.br/repository/node/tslint/-/tslint-5.7.0.tgz#c25e0d0c92fa1201c2bc30e844e08e682b4f3552"
  dependencies:
    babel-code-frame "^6.22.0"
    colors "^1.1.2"
    commander "^2.9.0"
    diff "^3.2.0"
    glob "^7.1.1"
    minimatch "^3.0.4"
    resolve "^1.3.2"
    semver "^5.3.0"
    tslib "^1.7.1"
    tsutils "^2.8.1"

tslint@~5.1.0:
  version "5.1.0"
  resolved "http://repo.sanepar.com.br/repository/node/tslint/-/tslint-5.1.0.tgz#51a47baeeb58956fcd617bd2cf00e2ef0eea2ed9"
  dependencies:
    babel-code-frame "^6.22.0"
    colors "^1.1.2"
    diff "^3.2.0"
    findup-sync "~0.3.0"
    glob "^7.1.1"
    optimist "~0.6.0"
    resolve "^1.3.2"
    semver "^5.3.0"
    tsutils "^1.4.0"

tsutils@^1.4.0:
  version "1.9.1"
  resolved "http://repo.sanepar.com.br/repository/node/tsutils/-/tsutils-1.9.1.tgz#b9f9ab44e55af9681831d5f28d0aeeaf5c750cb0"

tsutils@^2.11.0, tsutils@^2.8.1:
  version "2.11.0"
  resolved "http://repo.sanepar.com.br/repository/node/tsutils/-/tsutils-2.11.0.tgz#9fb79c3c84a06d13712e9416b922217d6cfe0eea"
  dependencies:
    tslib "^1.7.1"

tunnel-agent@^0.6.0:
  version "0.6.0"
  resolved "http://repo.sanepar.com.br/repository/node/tunnel-agent/-/tunnel-agent-0.6.0.tgz#27a5dea06b36b04a0a9966774b290868f0fc40fd"
  dependencies:
    safe-buffer "^5.0.1"

tweetnacl@^0.14.3, tweetnacl@~0.14.0:
  version "0.14.5"
  resolved "http://repo.sanepar.com.br/repository/node/tweetnacl/-/tweetnacl-0.14.5.tgz#5ae68177f192d4456269d108afa93ff8743f4f64"

type-check@~0.3.2:
  version "0.3.2"
  resolved "http://repo.sanepar.com.br/repository/node/type-check/-/type-check-0.3.2.tgz#5884cab512cf1d355e3fb784f30804b2b520db72"
  dependencies:
    prelude-ls "~1.1.2"

type-detect@0.1.1:
  version "0.1.1"
  resolved "http://repo.sanepar.com.br/repository/node/type-detect/-/type-detect-0.1.1.tgz#0ba5ec2a885640e470ea4e8505971900dac58822"

type-detect@^1.0.0:
  version "1.0.0"
  resolved "http://repo.sanepar.com.br/repository/node/type-detect/-/type-detect-1.0.0.tgz#762217cc06db258ec48908a1298e8b95121e8ea2"

type-detect@^4.0.0:
  version "4.0.3"
  resolved "http://repo.sanepar.com.br/repository/node/type-detect/-/type-detect-4.0.3.tgz#0e3f2670b44099b0b46c284d136a7ef49c74c2ea"

typescript@^2.5.2:
  version "2.5.3"
  resolved "http://repo.sanepar.com.br/repository/node/typescript/-/typescript-2.5.3.tgz#df3dcdc38f3beb800d4bc322646b04a3f6ca7f0d"

util-deprecate@~1.0.1:
  version "1.0.2"
  resolved "http://repo.sanepar.com.br/repository/node/util-deprecate/-/util-deprecate-1.0.2.tgz#450d4dc9fa70de732762fbd2d4a28981419a0ccf"

uuid@^3.1.0:
  version "3.1.0"
  resolved "http://repo.sanepar.com.br/repository/node/uuid/-/uuid-3.1.0.tgz#3dd3d3e790abc24d7b0d3a034ffababe28ebbc04"

v8flags@^3.0.0:
  version "3.0.1"
  resolved "http://repo.sanepar.com.br/repository/node/v8flags/-/v8flags-3.0.1.tgz#dce8fc379c17d9f2c9e9ed78d89ce00052b1b76b"
  dependencies:
    homedir-polyfill "^1.0.1"

verror@1.10.0:
  version "1.10.0"
  resolved "http://repo.sanepar.com.br/repository/node/verror/-/verror-1.10.0.tgz#3a105ca17053af55d6e270c1f8288682e18da400"
  dependencies:
    assert-plus "^1.0.0"
    core-util-is "1.0.2"
    extsprintf "^1.2.0"

vrsource-tslint-rules@^5.1.0:
  version "5.1.1"
  resolved "http://repo.sanepar.com.br/repository/node/vrsource-tslint-rules/-/vrsource-tslint-rules-5.1.1.tgz#9bef7a60bc34f6cdc637d7ba1b8d745b71f6dcbe"
  dependencies:
    tslint "~5.1.0"

webidl-conversions@^4.0.1, webidl-conversions@^4.0.2:
  version "4.0.2"
  resolved "http://repo.sanepar.com.br/repository/node/webidl-conversions/-/webidl-conversions-4.0.2.tgz#a855980b1f0b6b359ba1d5d9fb39ae941faa63ad"

whatwg-encoding@^1.0.1:
  version "1.0.1"
  resolved "http://repo.sanepar.com.br/repository/node/whatwg-encoding/-/whatwg-encoding-1.0.1.tgz#3c6c451a198ee7aec55b1ec61d0920c67801a5f4"
  dependencies:
    iconv-lite "0.4.13"

whatwg-url@^6.3.0:
  version "6.3.0"
  resolved "http://repo.sanepar.com.br/repository/node/whatwg-url/-/whatwg-url-6.3.0.tgz#597ee5488371abe7922c843397ddec1ae94c048d"
  dependencies:
    lodash.sortby "^4.7.0"
    tr46 "^1.0.0"
    webidl-conversions "^4.0.1"

wordwrap@~0.0.2:
  version "0.0.3"
  resolved "http://repo.sanepar.com.br/repository/node/wordwrap/-/wordwrap-0.0.3.tgz#a3d5da6cd5c0bc0008d37234bbaf1bed63059107"

wordwrap@~1.0.0:
  version "1.0.0"
  resolved "http://repo.sanepar.com.br/repository/node/wordwrap/-/wordwrap-1.0.0.tgz#27584810891456a4171c8d0226441ade90cbcaeb"

wrappy@1:
  version "1.0.2"
  resolved "http://repo.sanepar.com.br/repository/node/wrappy/-/wrappy-1.0.2.tgz#b5243d8f3ec1aa35f1364605bc0d1036e30ab69f"

xml-name-validator@^2.0.1:
  version "2.0.1"
  resolved "http://repo.sanepar.com.br/repository/node/xml-name-validator/-/xml-name-validator-2.0.1.tgz#4d8b8f1eccd3419aa362061becef515e1e559635"

yn@^2.0.0:
  version "2.0.0"
  resolved "http://repo.sanepar.com.br/repository/node/yn/-/yn-2.0.0.tgz#e5adabc8acf408f6385fc76495684c88e6af689a"

zone.js@0.8.4:
  version "0.8.4"
  resolved "http://repo.sanepar.com.br/repository/node/zone.js/-/zone.js-0.8.4.tgz#cc40ae5a1c879601c5ebba2096b5c80f0c4c3602"
